
Microsoft Visual Studio Solution File, Format Version 12.00
# Visual Studio Version 16
VisualStudioVersion = 16.0.32002.261
MinimumVisualStudioVersion = 10.0.40219.1
Project("{FAE04EC0-301F-11D3-BF4B-00C04F79EFBC}") = "book", "book\book.csproj", "{3BB4F09B-703E-41A8-8653-1E78DA74B94C}"
EndProject
Global
	GlobalSection(SolutionConfigurationPlatforms) = preSolution
		Debug|Any CPU = Debug|Any CPU
		Release|Any CPU = Release|Any CPU
	EndGlobalSection
	GlobalSection(ProjectConfigurationPlatforms) = postSolution
		{3BB4F09B-703E-41A8-8653-1E78DA74B94C}.Debug|Any CPU.ActiveCfg = Debug|Any CPU
		{3BB4F09B-703E-41A8-8653-1E78DA74B94C}.Debug|Any CPU.Build.0 = Debug|Any CPU
		{3BB4F09B-703E-41A8-8653-1E78DA74B94C}.Release|Any CPU.ActiveCfg = Release|Any CPU
		{3BB4F09B-703E-41A8-8653-1E78DA74B94C}.Release|Any CPU.Build.0 = Release|Any CPU
	EndGlobalSection
	GlobalSection(SolutionProperties) = preSolution
		HideSolutionNode = FALSE
	EndGlobalSection
	GlobalSection(ExtensibilityGlobals) = postSolution
		SolutionGuid = {92158AAA-31F9-48BC-B3B1-747985E00290}
	EndGlobalSection
EndGlobal
